
Microsoft Visual Studio Solution File, Format Version 12.00
# Visual Studio Version 16
VisualStudioVersion = 16.0.32802.440
MinimumVisualStudioVersion = 10.0.40219.1
Project("{FAE04EC0-301F-11D3-BF4B-00C04F79EFBC}") = "SpeechE", "SpeechE.csproj", "{294523D4-260E-4B21-B659-CB71CC78A3F5}"
EndProject
Project("{FAE04EC0-301F-11D3-BF4B-00C04F79EFBC}") = "SpeechTest", "..\SpeechTest\SpeechTest.csproj", "{954CA7D1-CDD2-4778-AB48-61BE60ED6D7B}"
EndProject
Global
	GlobalSection(SolutionConfigurationPlatforms) = preSolution
		Debug|Any CPU = Debug|Any CPU
		Release|Any CPU = Release|Any CPU
	EndGlobalSection
	GlobalSection(ProjectConfigurationPlatforms) = postSolution
		{294523D4-260E-4B21-B659-CB71CC78A3F5}.Debug|Any CPU.ActiveCfg = Debug|Any CPU
		{294523D4-260E-4B21-B659-CB71CC78A3F5}.Debug|Any CPU.Build.0 = Debug|Any CPU
		{294523D4-260E-4B21-B659-CB71CC78A3F5}.Release|Any CPU.ActiveCfg = Release|Any CPU
		{294523D4-260E-4B21-B659-CB71CC78A3F5}.Release|Any CPU.Build.0 = Release|Any CPU
		{954CA7D1-CDD2-4778-AB48-61BE60ED6D7B}.Debug|Any CPU.ActiveCfg = Debug|Any CPU
		{954CA7D1-CDD2-4778-AB48-61BE60ED6D7B}.Debug|Any CPU.Build.0 = Debug|Any CPU
		{954CA7D1-CDD2-4778-AB48-61BE60ED6D7B}.Release|Any CPU.ActiveCfg = Release|Any CPU
		{954CA7D1-CDD2-4778-AB48-61BE60ED6D7B}.Release|Any CPU.Build.0 = Release|Any CPU
	EndGlobalSection
	GlobalSection(SolutionProperties) = preSolution
		HideSolutionNode = FALSE
	EndGlobalSection
	GlobalSection(ExtensibilityGlobals) = postSolution
		SolutionGuid = {109025C4-2122-4D52-9FCF-E16DD64141D5}
	EndGlobalSection
EndGlobal
